
Microsoft Visual Studio Solution File, Format Version 12.00
# Visual Studio Version 17
VisualStudioVersion = 17.1.32421.90
MinimumVisualStudioVersion = 10.0.40219.1
Project("{FAE04EC0-301F-11D3-BF4B-00C04F79EFBC}") = "logik_2", "logik_2\logik_2.csproj", "{1B3B04FF-D833-4208-B126-758476568DBB}"
EndProject
Global
	GlobalSection(SolutionConfigurationPlatforms) = preSolution
		Debug|Any CPU = Debug|Any CPU
		Release|Any CPU = Release|Any CPU
	EndGlobalSection
	GlobalSection(ProjectConfigurationPlatforms) = postSolution
		{1B3B04FF-D833-4208-B126-758476568DBB}.Debug|Any CPU.ActiveCfg = Debug|Any CPU
		{1B3B04FF-D833-4208-B126-758476568DBB}.Debug|Any CPU.Build.0 = Debug|Any CPU
		{1B3B04FF-D833-4208-B126-758476568DBB}.Release|Any CPU.ActiveCfg = Release|Any CPU
		{1B3B04FF-D833-4208-B126-758476568DBB}.Release|Any CPU.Build.0 = Release|Any CPU
	EndGlobalSection
	GlobalSection(SolutionProperties) = preSolution
		HideSolutionNode = FALSE
	EndGlobalSection
	GlobalSection(ExtensibilityGlobals) = postSolution
		SolutionGuid = {8C7D3EAF-684C-4DAC-84F4-E59C63581A73}
	EndGlobalSection
EndGlobal
